
Microsoft Visual Studio Solution File, Format Version 12.00
# Visual Studio Version 16
VisualStudioVersion = 16.0.32929.386
MinimumVisualStudioVersion = 10.0.40219.1
Project("{FAE04EC0-301F-11D3-BF4B-00C04F79EFBC}") = "ADFDiskBox", "ADFDiskBox.csproj", "{236EA3C8-C056-4F29-92FE-D0DC18A235EE}"
EndProject
Project("{2150E333-8FDC-42A3-9474-1A3956D46DE8}") = "Solution Items", "Solution Items", "{A6EC194A-E968-46DA-8999-2640787777C9}"
	ProjectSection(SolutionItems) = preProject
		LICENSE.txt = LICENSE.txt
		README.md = README.md
	EndProjectSection
EndProject
Global
	GlobalSection(SolutionConfigurationPlatforms) = preSolution
		Debug|Any CPU = Debug|Any CPU
		Release|Any CPU = Release|Any CPU
	EndGlobalSection
	GlobalSection(ProjectConfigurationPlatforms) = postSolution
		{236EA3C8-C056-4F29-92FE-D0DC18A235EE}.Debug|Any CPU.ActiveCfg = Release|Any CPU
		{236EA3C8-C056-4F29-92FE-D0DC18A235EE}.Debug|Any CPU.Build.0 = Release|Any CPU
		{236EA3C8-C056-4F29-92FE-D0DC18A235EE}.Release|Any CPU.ActiveCfg = Release|Any CPU
		{236EA3C8-C056-4F29-92FE-D0DC18A235EE}.Release|Any CPU.Build.0 = Release|Any CPU
	EndGlobalSection
	GlobalSection(SolutionProperties) = preSolution
		HideSolutionNode = FALSE
	EndGlobalSection
	GlobalSection(ExtensibilityGlobals) = postSolution
		SolutionGuid = {916D81B9-1FCB-47BD-94C8-547B1A5E062D}
	EndGlobalSection
EndGlobal
